
Microsoft Visual Studio Solution File, Format Version 12.00
# Visual Studio Version 17
VisualStudioVersion = 17.9.34622.214
MinimumVisualStudioVersion = 10.0.40219.1
Project("{FAE04EC0-301F-11D3-BF4B-00C04F79EFBC}") = "ObligatoriskOpgave4_5_TCP_Servers", "ObligatoriskOpgave4_5_TCP_Servers\ObligatoriskOpgave4_5_TCP_Servers.csproj", "{7DB9996D-E64F-4D31-8023-575D4E7C3113}"
EndProject
Global
	GlobalSection(SolutionConfigurationPlatforms) = preSolution
		Debug|Any CPU = Debug|Any CPU
		Release|Any CPU = Release|Any CPU
	EndGlobalSection
	GlobalSection(ProjectConfigurationPlatforms) = postSolution
		{7DB9996D-E64F-4D31-8023-575D4E7C3113}.Debug|Any CPU.ActiveCfg = Debug|Any CPU
		{7DB9996D-E64F-4D31-8023-575D4E7C3113}.Debug|Any CPU.Build.0 = Debug|Any CPU
		{7DB9996D-E64F-4D31-8023-575D4E7C3113}.Release|Any CPU.ActiveCfg = Release|Any CPU
		{7DB9996D-E64F-4D31-8023-575D4E7C3113}.Release|Any CPU.Build.0 = Release|Any CPU
	EndGlobalSection
	GlobalSection(SolutionProperties) = preSolution
		HideSolutionNode = FALSE
	EndGlobalSection
	GlobalSection(ExtensibilityGlobals) = postSolution
		SolutionGuid = {280184B5-54F6-47BB-820C-20433FDC107E}
	EndGlobalSection
EndGlobal
